// !$*UTF8*$!
{
	archiveVersion = 1;
	classes = {
	};
	objectVersion = 46;
	objects = {

/* Begin PBXBuildFile section */
		01A294D21ADF40EA00D80731 /* AppDelegate.swift in Sources */ = {isa = PBXBuildFile; fileRef = 01A294D11ADF40EA00D80731 /* AppDelegate.swift */; };
		01A294D41ADF40EA00D80731 /* ViewController.swift in Sources */ = {isa = PBXBuildFile; fileRef = 01A294D31ADF40EA00D80731 /* ViewController.swift */; };
		01A294D71ADF40EA00D80731 /* Main.storyboard in Resources */ = {isa = PBXBuildFile; fileRef = 01A294D51ADF40EA00D80731 /* Main.storyboard */; };
		01A294D91ADF40EA00D80731 /* Images.xcassets in Resources */ = {isa = PBXBuildFile; fileRef = 01A294D81ADF40EA00D80731 /* Images.xcassets */; };
		01A294DC1ADF40EA00D80731 /* LaunchScreen.xib in Resources */ = {isa = PBXBuildFile; fileRef = 01A294DA1ADF40EA00D80731 /* LaunchScreen.xib */; };
		01A294E81ADF40EA00D80731 /* iOSClass_SwiftTests.swift in Sources */ = {isa = PBXBuildFile; fileRef = 01A294E71ADF40EA00D80731 /* iOSClass_SwiftTests.swift */; };
/* End PBXBuildFile section */

/* Begin PBXContainerItemProxy section */
		01A294E21ADF40EA00D80731 /* PBXContainerItemProxy */ = {
			isa = PBXContainerItemProxy;
			containerPortal = 01A294C41ADF40EA00D80731 /* Project object */;
			proxyType = 1;
			remoteGlobalIDString = 01A294CB1ADF40EA00D80731;
			remoteInfo = "iOSClass-Swift";
		};
/* End PBXContainerItemProxy section */

/* Begin PBXFileReference section */
		01A294CC1ADF40EA00D80731 /* iOSClass-Swift.app */ = {isa = PBXFileReference; explicitFileType = wrapper.application; includeInIndex = 0; path = "iOSClass-Swift.app"; sourceTree = BUILT_PRODUCTS_DIR; };
		01A294D01ADF40EA00D80731 /* Info.plist */ = {isa = PBXFileReference; lastKnownFileType = text.plist.xml; path = Info.plist; sourceTree = "<group>"; };
		01A294D11ADF40EA00D80731 /* AppDelegate.swift */ = {isa = PBXFileReference; lastKnownFileType = sourcecode.swift; path = AppDelegate.swift; sourceTree = "<group>"; };
		01A294D31ADF40EA00D80731 /* ViewController.swift */ = {isa = PBXFileReference; lastKnownFileType = sourcecode.swift; path = ViewController.swift; sourceTree = "<group>"; };
		01A294D61ADF40EA00D80731 /* Base */ = {isa = PBXFileReference; lastKnownFileType = file.storyboard; name = Base; path = Base.lproj/Main.storyboard; sourceTree = "<group>"; };
		01A294D81ADF40EA00D80731 /* Images.xcassets */ = {isa = PBXFileReference; lastKnownFileType = folder.assetcatalog; path = Images.xcassets; sourceTree = "<group>"; };
		01A294DB1ADF40EA00D80731 /* Base */ = {isa = PBXFileReference; lastKnownFileType = file.xib; name = Base; path = Base.lproj/LaunchScreen.xib; sourceTree = "<group>"; };
		01A294E11ADF40EA00D80731 /* iOSClass-SwiftTests.xctest */ = {isa = PBXFileReference; explicitFileType = wrapper.cfbundle; includeInIndex = 0; path = "iOSClass-SwiftTests.xctest"; sourceTree = BUILT_PRODUCTS_DIR; };
		01A294E61ADF40EA00D80731 /* Info.plist */ = {isa = PBXFileReference; lastKnownFileType = text.plist.xml; path = Info.plist; sourceTree = "<group>"; };
		01A294E71ADF40EA00D80731 /* iOSClass_SwiftTests.swift */ = {isa = PBXFileReference; lastKnownFileType = sourcecode.swift; path = iOSClass_SwiftTests.swift; sourceTree = "<group>"; };
/* End PBXFileReference section */

/* Begin PBXFrameworksBuildPhase section */
		01A294C91ADF40EA00D80731 /* Frameworks */ = {
			isa = PBXFrameworksBuildPhase;
			buildActionMask = 2147483647;
			files = (
			);
			runOnlyForDeploymentPostprocessing = 0;
		};
		01A294DE1ADF40EA00D80731 /* Frameworks */ = {
			isa = PBXFrameworksBuildPhase;
			buildActionMask = 2147483647;
			files = (
			);
			runOnlyForDeploymentPostprocessing = 0;
		};
/* End PBXFrameworksBuildPhase section */

/* Begin PBXGroup section */
		01A294C31ADF40EA00D80731 = {
			isa = PBXGroup;
			children = (
				01A294CE1ADF40EA00D80731 /* iOSClass-Swift */,
				01A294E41ADF40EA00D80731 /* iOSClass-SwiftTests */,
				01A294CD1ADF40EA00D80731 /* Products */,
			);
			sourceTree = "<group>";
		};
		01A294CD1ADF40EA00D80731 /* Products */ = {
			isa = PBXGroup;
			children = (
				01A294CC1ADF40EA00D80731 /* iOSClass-Swift.app */,
				01A294E11ADF40EA00D80731 /* iOSClass-SwiftTests.xctest */,
			);
			name = Products;
			sourceTree = "<group>";
		};
		01A294CE1ADF40EA00D80731 /* iOSClass-Swift */ = {
			isa = PBXGroup;
			children = (
				01A294D11ADF40EA00D80731 /* AppDelegate.swift */,
				01A294D31ADF40EA00D80731 /* ViewController.swift */,
				01A294D51ADF40EA00D80731 /* Main.storyboard */,
				01A294D81ADF40EA00D80731 /* Images.xcassets */,
				01A294DA1ADF40EA00D80731 /* LaunchScreen.xib */,
				01A294CF1ADF40EA00D80731 /* Supporting Files */,
			);
			path = "iOSClass-Swift";
			sourceTree = "<group>";
		};
		01A294CF1ADF40EA00D80731 /* Supporting Files */ = {
			isa = PBXGroup;
			children = (
				01A294D01ADF40EA00D80731 /* Info.plist */,
			);
			name = "Supporting Files";
			sourceTree = "<group>";
		};
		01A294E41ADF40EA00D80731 /* iOSClass-SwiftTests */ = {
			isa = PBXGroup;
			children = (
				01A294E71ADF40EA00D80731 /* iOSClass_SwiftTests.swift */,
				01A294E51ADF40EA00D80731 /* Supporting Files */,
			);
			path = "iOSClass-SwiftTests";
			sourceTree = "<group>";
		};
		01A294E51ADF40EA00D80731 /* Supporting Files */ = {
			isa = PBXGroup;
			children = (
				01A294E61ADF40EA00D80731 /* Info.plist */,
			);
			name = "Supporting Files";
			sourceTree = "<group>";
		};
/* End PBXGroup section */

/* Begin PBXNativeTarget section */
		01A294CB1ADF40EA00D80731 /* iOSClass-Swift */ = {
			isa = PBXNativeTarget;
			buildConfigurationList = 01A294EB1ADF40EA00D80731 /* Build configuration list for PBXNativeTarget "iOSClass-Swift" */;
			buildPhases = (
				01A294C81ADF40EA00D80731 /* Sources */,
				01A294C91ADF40EA00D80731 /* Frameworks */,
				01A294CA1ADF40EA00D80731 /* Resources */,
			);
			buildRules = (
			);
			dependencies = (
			);
			name = "iOSClass-Swift";
			productName = "iOSClass-Swift";
			productReference = 01A294CC1ADF40EA00D80731 /* iOSClass-Swift.app */;
			productType = "com.apple.product-type.application";
		};
		01A294E01ADF40EA00D80731 /* iOSClass-SwiftTests */ = {
			isa = PBXNativeTarget;
			buildConfigurationList = 01A294EE1ADF40EA00D80731 /* Build configuration list for PBXNativeTarget "iOSClass-SwiftTests" */;
			buildPhases = (
				01A294DD1ADF40EA00D80731 /* Sources */,
				01A294DE1ADF40EA00D80731 /* Frameworks */,
				01A294DF1ADF40EA00D80731 /* Resources */,
			);
			buildRules = (
			);
			dependencies = (
				01A294E31ADF40EA00D80731 /* PBXTargetDependency */,
			);
			name = "iOSClass-SwiftTests";
			productName = "iOSClass-SwiftTests";
			productReference = 01A294E11ADF40EA00D80731 /* iOSClass-SwiftTests.xctest */;
			productType = "com.apple.product-type.bundle.unit-test";
		};
/* End PBXNativeTarget section */

/* Begin PBXProject section */
		01A294C41ADF40EA00D80731 /* Project object */ = {
			isa = PBXProject;
			attributes = {
				LastUpgradeCheck = 0630;
				ORGANIZATIONNAME = "Cory Wiles";
				TargetAttributes = {
					01A294CB1ADF40EA00D80731 = {
						CreatedOnToolsVersion = 6.3;
					};
					01A294E01ADF40EA00D80731 = {
						CreatedOnToolsVersion = 6.3;
						TestTargetID = 01A294CB1ADF40EA00D80731;
					};
				};
			};
			buildConfigurationList = 01A294C71ADF40EA00D80731 /* Build configuration list for PBXProject "iOSClass-Swift" */;
			compatibilityVersion = "Xcode 3.2";
			developmentRegion = English;
			hasScannedForEncodings = 0;
			knownRegions = (
				en,
				Base,
			);
			mainGroup = 01A294C31ADF40EA00D80731;
			productRefGroup = 01A294CD1ADF40EA00D80731 /* Products */;
			projectDirPath = "";
			projectRoot = "";
			targets = (
				01A294CB1ADF40EA00D80731 /* iOSClass-Swift */,
				01A294E01ADF40EA00D80731 /* iOSClass-SwiftTests */,
			);
		};
/* End PBXProject section */

/* Begin PBXResourcesBuildPhase section */
		01A294CA1ADF40EA00D80731 /* Resources */ = {
			isa = PBXResourcesBuildPhase;
			buildActionMask = 2147483647;
			files = (
				01A294D71ADF40EA00D80731 /* Main.storyboard in Resources */,
				01A294DC1ADF40EA00D80731 /* LaunchScreen.xib in Resources */,
				01A294D91ADF40EA00D80731 /* Images.xcassets in Resources */,
			);
			runOnlyForDeploymentPostprocessing = 0;
		};
		01A294DF1ADF40EA00D80731 /* Resources */ = {
			isa = PBXResourcesBuildPhase;
			buildActionMask = 2147483647;
			files = (
			);
			runOnlyForDeploymentPostprocessing = 0;
		};
/* End PBXResourcesBuildPhase section */

/* Begin PBXSourcesBuildPhase section */
		01A294C81ADF40EA00D80731 /* Sources */ = {
			isa = PBXSourcesBuildPhase;
			buildActionMask = 2147483647;
			files = (
				01A294D41ADF40EA00D80731 /* ViewController.swift in Sources */,
				01A294D21ADF40EA00D80731 /* AppDelegate.swift in Sources */,
			);
			runOnlyForDeploymentPostprocessing = 0;
		};
		01A294DD1ADF40EA00D80731 /* Sources */ = {
			isa = PBXSourcesBuildPhase;
			buildActionMask = 2147483647;
			files = (
				01A294E81ADF40EA00D80731 /* iOSClass_SwiftTests.swift in Sources */,
			);
			runOnlyForDeploymentPostprocessing = 0;
		};
/* End PBXSourcesBuildPhase section */

/* Begin PBXTargetDependency section */
		01A294E31ADF40EA00D80731 /* PBXTargetDependency */ = {
			isa = PBXTargetDependency;
			target = 01A294CB1ADF40EA00D80731 /* iOSClass-Swift */;
			targetProxy = 01A294E21ADF40EA00D80731 /* PBXContainerItemProxy */;
		};
/* End PBXTargetDependency section */

/* Begin PBXVariantGroup section */
		01A294D51ADF40EA00D80731 /* Main.storyboard */ = {
			isa = PBXVariantGroup;
			children = (
				01A294D61ADF40EA00D80731 /* Base */,
			);
			name = Main.storyboard;
			sourceTree = "<group>";
		};
		01A294DA1ADF40EA00D80731 /* LaunchScreen.xib */ = {
			isa = PBXVariantGroup;
			children = (
				01A294DB1ADF40EA00D80731 /* Base */,
			);
			name = LaunchScreen.xib;
			sourceTree = "<group>";
		};
/* End PBXVariantGroup section */

/* Begin XCBuildConfiguration section */
		01A294E91ADF40EA00D80731 /* Debug */ = {
			isa = XCBuildConfiguration;
			buildSettings = {
				ALWAYS_SEARCH_USER_PATHS = NO;
				CLANG_CXX_LANGUAGE_STANDARD = "gnu++0x";
				CLANG_CXX_LIBRARY = "libc++";
				CLANG_ENABLE_MODULES = YES;
				CLANG_ENABLE_OBJC_ARC = YES;
				CLANG_WARN_BOOL_CONVERSION = YES;
				CLANG_WARN_CONSTANT_CONVERSION = YES;
				CLANG_WARN_DIRECT_OBJC_ISA_USAGE = YES_ERROR;
				CLANG_WARN_EMPTY_BODY = YES;
				CLANG_WARN_ENUM_CONVERSION = YES;
				CLANG_WARN_INT_CONVERSION = YES;
				CLANG_WARN_OBJC_ROOT_CLASS = YES_ERROR;
				CLANG_WARN_UNREACHABLE_CODE = YES;
				CLANG_WARN__DUPLICATE_METHOD_MATCH = YES;
				"CODE_SIGN_IDENTITY[sdk=iphoneos*]" = "iPhone Developer";
				COPY_PHASE_STRIP = NO;
				DEBUG_INFORMATION_FORMAT = "dwarf-with-dsym";
				ENABLE_STRICT_OBJC_MSGSEND = YES;
				GCC_C_LANGUAGE_STANDARD = gnu99;
				GCC_DYNAMIC_NO_PIC = NO;
				GCC_NO_COMMON_BLOCKS = YES;
				GCC_OPTIMIZATION_LEVEL = 0;
				GCC_PREPROCESSOR_DEFINITIONS = (
					"DEBUG=1",
					"$(inherited)",
				);
				GCC_SYMBOLS_PRIVATE_EXTERN = NO;
				GCC_WARN_64_TO_32_BIT_CONVERSION = YES;
				GCC_WARN_ABOUT_RETURN_TYPE = YES_ERROR;
				GCC_WARN_UNDECLARED_SELECTOR = YES;
				GCC_WARN_UNINITIALIZED_AUTOS = YES_AGGRESSIVE;
				GCC_WARN_UNUSED_FUNCTION = YES;
				GCC_WARN_UNUSED_VARIABLE = YES;
				IPHONEOS_DEPLOYMENT_TARGET = 8.3;
				MTL_ENABLE_DEBUG_INFO = YES;
				ONLY_ACTIVE_ARCH = YES;
				SDKROOT = iphoneos;
				SWIFT_OPTIMIZATION_LEVEL = "-Onone";
			};
			name = Debug;
		};
		01A294EA1ADF40EA00D80731 /* Release */ = {
			isa = XCBuildConfiguration;
			buildSettings = {
				ALWAYS_SEARCH_USER_PATHS = NO;
				CLANG_CXX_LANGUAGE_STANDARD = "gnu++0x";
				CLANG_CXX_LIBRARY = "libc++";
				CLANG_ENABLE_MODULES = YES;
				CLANG_ENABLE_OBJC_ARC = YES;
				CLANG_WARN_BOOL_CONVERSION = YES;
				CLANG_WARN_CONSTANT_CONVERSION = YES;
				CLANG_WARN_DIRECT_OBJC_ISA_USAGE = YES_ERROR;
				CLANG_WARN_EMPTY_BODY = YES;
				CLANG_WARN_ENUM_CONVERSION = YES;
				CLANG_WARN_INT_CONVERSION = YES;
				CLANG_WARN_OBJC_ROOT_CLASS = YES_ERROR;
				CLANG_WARN_UNREACHABLE_CODE = YES;
				CLANG_WARN__DUPLICATE_METHOD_MATCH = YES;
				"CODE_SIGN_IDENTITY[sdk=iphoneos*]" = "iPhone Developer";
				COPY_PHASE_STRIP = NO;
				DEBUG_INFORMATION_FORMAT = "dwarf-with-dsym";
				ENABLE_NS_ASSERTIONS = NO;
				ENABLE_STRICT_OBJC_MSGSEND = YES;
				GCC_C_LANGUAGE_STANDARD = gnu99;
				GCC_NO_COMMON_BLOCKS = YES;
				GCC_WARN_64_TO_32_BIT_CONVERSION = YES;
				GCC_WARN_ABOUT_RETURN_TYPE = YES_ERROR;
				GCC_WARN_UNDECLARED_SELECTOR = YES;
				GCC_WARN_UNINITIALIZED_AUTOS = YES_AGGRESSIVE;
				GCC_WARN_UNUSED_FUNCTION = YES;
				GCC_WARN_UNUSED_VARIABLE = YES;
				IPHONEOS_DEPLOYMENT_TARGET = 8.3;
				MTL_ENABLE_DEBUG_INFO = NO;
				SDKROOT = iphoneos;
				VALIDATE_PRODUCT = YES;
			};
			name = Release;
		};
		01A294EC1ADF40EA00D80731 /* Debug */ = {
			isa = XCBuildConfiguration;
			buildSettings = {
				ASSETCATALOG_COMPILER_APPICON_NAME = AppIcon;
				INFOPLIST_FILE = "iOSClass-Swift/Info.plist";
				LD_RUNPATH_SEARCH_PATHS = "$(inherited) @executable_path/Frameworks";
				PRODUCT_NAME = "$(TARGET_NAME)";
			};
			name = Debug;
		};
		01A294ED1ADF40EA00D80731 /* Release */ = {
			isa = XCBuildConfiguration;
			buildSettings = {
				ASSETCATALOG_COMPILER_APPICON_NAME = AppIcon;
				INFOPLIST_FILE = "iOSClass-Swift/Info.plist";
				LD_RUNPATH_SEARCH_PATHS = "$(inherited) @executable_path/Frameworks";
				PRODUCT_NAME = "$(TARGET_NAME)";
			};
			name = Release;
		};
		01A294EF1ADF40EA00D80731 /* Debug */ = {
			isa = XCBuildConfiguration;
			buildSettings = {
				BUNDLE_LOADER = "$(TEST_HOST)";
				FRAMEWORK_SEARCH_PATHS = (
					"$(SDKROOT)/Developer/Library/Frameworks",
					"$(inherited)",
				);
				GCC_PREPROCESSOR_DEFINITIONS = (
					"DEBUG=1",
					"$(inherited)",
				);
				INFOPLIST_FILE = "iOSClass-SwiftTests/Info.plist";
				LD_RUNPATH_SEARCH_PATHS = "$(inherited) @executable_path/Frameworks @loader_path/Frameworks";
				PRODUCT_NAME = "$(TARGET_NAME)";
				TEST_HOST = "$(BUILT_PRODUCTS_DIR)/iOSClass-Swift.app/iOSClass-Swift";
			};
			name = Debug;
		};
		01A294F01ADF40EA00D80731 /* Release */ = {
			isa = XCBuildConfiguration;
			buildSettings = {
				BUNDLE_LOADER = "$(TEST_HOST)";
				FRAMEWORK_SEARCH_PATHS = (
					"$(SDKROOT)/Developer/Library/Frameworks",
					"$(inherited)",
				);
				INFOPLIST_FILE = "iOSClass-SwiftTests/Info.plist";
				LD_RUNPATH_SEARCH_PATHS = "$(inherited) @executable_path/Frameworks @loader_path/Frameworks";
				PRODUCT_NAME = "$(TARGET_NAME)";
				TEST_HOST = "$(BUILT_PRODUCTS_DIR)/iOSClass-Swift.app/iOSClass-Swift";
			};
			name = Release;
		};
/* End XCBuildConfiguration section */

/* Begin XCConfigurationList section */
		01A294C71ADF40EA00D80731 /* Build configuration list for PBXProject "iOSClass-Swift" */ = {
			isa = XCConfigurationList;
			buildConfigurations = (
				01A294E91ADF40EA00D80731 /* Debug */,
				01A294EA1ADF40EA00D80731 /* Release */,
			);
			defaultConfigurationIsVisible = 0;
			defaultConfigurationName = Release;
		};
		01A294EB1ADF40EA00D80731 /* Build configuration list for PBXNativeTarget "iOSClass-Swift" */ = {
			isa = XCConfigurationList;
			buildConfigurations = (
				01A294EC1ADF40EA00D80731 /* Debug */,
				01A294ED1ADF40EA00D80731 /* Release */,
			);
			defaultConfigurationIsVisible = 0;
		};
		01A294EE1ADF40EA00D80731 /* Build configuration list for PBXNativeTarget "iOSClass-SwiftTests" */ = {
			isa = XCConfigurationList;
			buildConfigurations = (
				01A294EF1ADF40EA00D80731 /* Debug */,
				01A294F01ADF40EA00D80731 /* Release */,
			);
			defaultConfigurationIsVisible = 0;
		};
/* End XCConfigurationList section */
	};
	rootObject = 01A294C41ADF40EA00D80731 /* Project object */;
}
